
Microsoft Visual Studio Solution File, Format Version 12.00
# Visual Studio 15
VisualStudioVersion = 15.0.28307.168
MinimumVisualStudioVersion = 10.0.40219.1
Project("{FAE04EC0-301F-11D3-BF4B-00C04F79EFBC}") = "asterApp", "asterApp\asterApp.csproj", "{708238A3-A26C-4E6A-BA8B-F830E304FB3B}"
EndProject
Global
	GlobalSection(SolutionConfigurationPlatforms) = preSolution
		Debug|Any CPU = Debug|Any CPU
		Release|Any CPU = Release|Any CPU
	EndGlobalSection
	GlobalSection(ProjectConfigurationPlatforms) = postSolution
		{708238A3-A26C-4E6A-BA8B-F830E304FB3B}.Debug|Any CPU.ActiveCfg = Debug|Any CPU
		{708238A3-A26C-4E6A-BA8B-F830E304FB3B}.Debug|Any CPU.Build.0 = Debug|Any CPU
		{708238A3-A26C-4E6A-BA8B-F830E304FB3B}.Release|Any CPU.ActiveCfg = Release|Any CPU
		{708238A3-A26C-4E6A-BA8B-F830E304FB3B}.Release|Any CPU.Build.0 = Release|Any CPU
	EndGlobalSection
	GlobalSection(SolutionProperties) = preSolution
		HideSolutionNode = FALSE
	EndGlobalSection
	GlobalSection(ExtensibilityGlobals) = postSolution
		SolutionGuid = {635C4616-F6F7-4172-BB61-7B5595282668}
	EndGlobalSection
EndGlobal
